lockfile_version: '1'
generated_at: '2026-05-23T22:08:15.065514+00:00'
apm_version: 0.12.1
dependencies:
- repo_url: yukimemi/renri
  host: github.com
  resolved_commit: b79d6a94100f1b73ee12822b4efe626870b2a7a2
  resolved_ref: main
  package_type: apm_package
  deployed_files:
  - .agents/skills/renri
  - .claude/skills/renri
  content_hash: sha256:3e12841bdbd41bc89dadbc5957d231dbdab85e89e53fb50812c523b902f5a430
